
Microsoft Visual Studio Solution File, Format Version 12.00
# Visual Studio Version 17
VisualStudioVersion = 17.3.32929.385
MinimumVisualStudioVersion = 10.0.40219.1
Project("{FAE04EC0-301F-11D3-BF4B-00C04F79EFBC}") = "Sistema-Ventas-Nicole-Artiga", "Sistema-Ventas-Nicole-Artiga\Sistema-Ventas-Nicole-Artiga.csproj", "{D0259864-CEAB-4F11-815F-C7066C5144C1}"
EndProject
Global
	GlobalSection(SolutionConfigurationPlatforms) = preSolution
		Debug|Any CPU = Debug|Any CPU
		Release|Any CPU = Release|Any CPU
	EndGlobalSection
	GlobalSection(ProjectConfigurationPlatforms) = postSolution
		{D0259864-CEAB-4F11-815F-C7066C5144C1}.Debug|Any CPU.ActiveCfg = Debug|Any CPU
		{D0259864-CEAB-4F11-815F-C7066C5144C1}.Debug|Any CPU.Build.0 = Debug|Any CPU
		{D0259864-CEAB-4F11-815F-C7066C5144C1}.Release|Any CPU.ActiveCfg = Release|Any CPU
		{D0259864-CEAB-4F11-815F-C7066C5144C1}.Release|Any CPU.Build.0 = Release|Any CPU
	EndGlobalSection
	GlobalSection(SolutionProperties) = preSolution
		HideSolutionNode = FALSE
	EndGlobalSection
	GlobalSection(ExtensibilityGlobals) = postSolution
		SolutionGuid = {336D57E9-8A6F-46FE-B039-7368F2C47209}
	EndGlobalSection
EndGlobal
